
Microsoft Visual Studio Solution File, Format Version 12.00
# Visual Studio Version 17
VisualStudioVersion = 17.5.33627.172
MinimumVisualStudioVersion = 10.0.40219.1
Project("{FAE04EC0-301F-11D3-BF4B-00C04F79EFBC}") = "ConsoleAppCsharp", "ConsoleAppCsharp\ConsoleAppCsharp.csproj", "{6853F907-5932-4FE2-9EDA-696E10CBCB76}"
EndProject
Global
	GlobalSection(SolutionConfigurationPlatforms) = preSolution
		Debug|Any CPU = Debug|Any CPU
		Release|Any CPU = Release|Any CPU
	EndGlobalSection
	GlobalSection(ProjectConfigurationPlatforms) = postSolution
		{6853F907-5932-4FE2-9EDA-696E10CBCB76}.Debug|Any CPU.ActiveCfg = Debug|Any CPU
		{6853F907-5932-4FE2-9EDA-696E10CBCB76}.Debug|Any CPU.Build.0 = Debug|Any CPU
		{6853F907-5932-4FE2-9EDA-696E10CBCB76}.Release|Any CPU.ActiveCfg = Release|Any CPU
		{6853F907-5932-4FE2-9EDA-696E10CBCB76}.Release|Any CPU.Build.0 = Release|Any CPU
	EndGlobalSection
	GlobalSection(SolutionProperties) = preSolution
		HideSolutionNode = FALSE
	EndGlobalSection
	GlobalSection(ExtensibilityGlobals) = postSolution
		SolutionGuid = {91E55082-91BA-49CE-B89D-0AF70A71E414}
	EndGlobalSection
EndGlobal
